
Microsoft Visual Studio Solution File, Format Version 12.00
# Visual Studio Version 17
VisualStudioVersion = 17.3.32922.545
MinimumVisualStudioVersion = 10.0.40219.1
Project("{FAE04EC0-301F-11D3-BF4B-00C04F79EFBC}") = "ASP.NET MVC Core_Lesson 6", "ASP.NET MVC Core_Lesson 6.csproj", "{BC41A85D-8CC2-42C1-A6EF-1F8E648E0573}"
EndProject
Global
	GlobalSection(SolutionConfigurationPlatforms) = preSolution
		Debug|Any CPU = Debug|Any CPU
		Release|Any CPU = Release|Any CPU
	EndGlobalSection
	GlobalSection(ProjectConfigurationPlatforms) = postSolution
		{BC41A85D-8CC2-42C1-A6EF-1F8E648E0573}.Debug|Any CPU.ActiveCfg = Debug|Any CPU
		{BC41A85D-8CC2-42C1-A6EF-1F8E648E0573}.Debug|Any CPU.Build.0 = Debug|Any CPU
		{BC41A85D-8CC2-42C1-A6EF-1F8E648E0573}.Release|Any CPU.ActiveCfg = Release|Any CPU
		{BC41A85D-8CC2-42C1-A6EF-1F8E648E0573}.Release|Any CPU.Build.0 = Release|Any CPU
	EndGlobalSection
	GlobalSection(SolutionProperties) = preSolution
		HideSolutionNode = FALSE
	EndGlobalSection
	GlobalSection(ExtensibilityGlobals) = postSolution
		SolutionGuid = {66D40768-D4F4-4041-AE28-EA6B320D586D}
	EndGlobalSection
EndGlobal
